// !$*UTF8*$!
{
	archiveVersion = 1;
	classes = {
	};
	objectVersion = 46;
	objects = {

/* Begin PBXBuildFile section */
		D62F702E1E429A55008C4404 /* AppDelegate.swift in Sources */ = {isa = PBXBuildFile; fileRef = D62F702D1E429A55008C4404 /* AppDelegate.swift */; };
		D62F70301E429A55008C4404 /* ViewController.swift in Sources */ = {isa = PBXBuildFile; fileRef = D62F702F1E429A55008C4404 /* ViewController.swift */; };
		D62F70331E429A55008C4404 /* Main.storyboard in Resources */ = {isa = PBXBuildFile; fileRef = D62F70311E429A55008C4404 /* Main.storyboard */; };
		D62F70351E429A55008C4404 /* Assets.xcassets in Resources */ = {isa = PBXBuildFile; fileRef = D62F70341E429A55008C4404 /* Assets.xcassets */; };
		D62F70381E429A55008C4404 /* LaunchScreen.storyboard in Resources */ = {isa = PBXBuildFile; fileRef = D62F70361E429A55008C4404 /* LaunchScreen.storyboard */; };
/* End PBXBuildFile section */

/* Begin PBXFileReference section */
		D62F702A1E429A55008C4404 /* youtubeApp.app */ = {isa = PBXFileReference; explicitFileType = wrapper.application; includeInIndex = 0; path = youtubeApp.app; sourceTree = BUILT_PRODUCTS_DIR; };
		D62F702D1E429A55008C4404 /* AppDelegate.swift */ = {isa = PBXFileReference; lastKnownFileType = sourcecode.swift; path = AppDelegate.swift; sourceTree = "<group>"; };
		D62F702F1E429A55008C4404 /* ViewController.swift */ = {isa = PBXFileReference; lastKnownFileType = sourcecode.swift; path = ViewController.swift; sourceTree = "<group>"; };
		D62F70321E429A55008C4404 /* Base */ = {isa = PBXFileReference; lastKnownFileType = file.storyboard; name = Base; path = Base.lproj/Main.storyboard; sourceTree = "<group>"; };
		D62F70341E429A55008C4404 /* Assets.xcassets */ = {isa = PBXFileReference; lastKnownFileType = folder.assetcatalog; path = Assets.xcassets; sourceTree = "<group>"; };
		D62F70371E429A55008C4404 /* Base */ = {isa = PBXFileReference; lastKnownFileType = file.storyboard; name = Base; path = Base.lproj/LaunchScreen.storyboard; sourceTree = "<group>"; };
		D62F70391E429A55008C4404 /* Info.plist */ = {isa = PBXFileReference; lastKnownFileType = text.plist.xml; path = Info.plist; sourceTree = "<group>"; };
/* End PBXFileReference section */

/* Begin PBXFrameworksBuildPhase section */
		D62F70271E429A55008C4404 /* Frameworks */ = {
			isa = PBXFrameworksBuildPhase;
			buildActionMask = 2147483647;
			files = (
			);
			runOnlyForDeploymentPostprocessing = 0;
		};
/* End PBXFrameworksBuildPhase section */

/* Begin PBXGroup section */
		D62F70211E429A55008C4404 = {
			isa = PBXGroup;
			children = (
				D62F702C1E429A55008C4404 /* youtubeApp */,
				D62F702B1E429A55008C4404 /* Products */,
			);
			sourceTree = "<group>";
		};
		D62F702B1E429A55008C4404 /* Products */ = {
			isa = PBXGroup;
			children = (
				D62F702A1E429A55008C4404 /* youtubeApp.app */,
			);
			name = Products;
			sourceTree = "<group>";
		};
		D62F702C1E429A55008C4404 /* youtubeApp */ = {
			isa = PBXGroup;
			children = (
				D62F702D1E429A55008C4404 /* AppDelegate.swift */,
				D62F702F1E429A55008C4404 /* ViewController.swift */,
				D62F70311E429A55008C4404 /* Main.storyboard */,
				D62F70341E429A55008C4404 /* Assets.xcassets */,
				D62F70361E429A55008C4404 /* LaunchScreen.storyboard */,
				D62F70391E429A55008C4404 /* Info.plist */,
			);
			path = youtubeApp;
			sourceTree = "<group>";
		};
/* End PBXGroup section */

/* Begin PBXNativeTarget section */
		D62F70291E429A55008C4404 /* youtubeApp */ = {
			isa = PBXNativeTarget;
			buildConfigurationList = D62F703C1E429A55008C4404 /* Build configuration list for PBXNativeTarget "youtubeApp" */;
			buildPhases = (
				D62F70261E429A55008C4404 /* Sources */,
				D62F70271E429A55008C4404 /* Frameworks */,
				D62F70281E429A55008C4404 /* Resources */,
			);
			buildRules = (
			);
			dependencies = (
			);
			name = youtubeApp;
			productName = youtubeApp;
			productReference = D62F702A1E429A55008C4404 /* youtubeApp.app */;
			productType = "com.apple.product-type.application";
		};
/* End PBXNativeTarget section */

/* Begin PBXProject section */
		D62F70221E429A55008C4404 /* Project object */ = {
			isa = PBXProject;
			attributes = {
				LastSwiftUpdateCheck = 0820;
				LastUpgradeCheck = 0820;
				ORGANIZATIONNAME = Alberto;
				TargetAttributes = {
					D62F70291E429A55008C4404 = {
						CreatedOnToolsVersion = 8.2.1;
						ProvisioningStyle = Automatic;
					};
				};
			};
			buildConfigurationList = D62F70251E429A55008C4404 /* Build configuration list for PBXProject "youtubeApp" */;
			compatibilityVersion = "Xcode 3.2";
			developmentRegion = English;
			hasScannedForEncodings = 0;
			knownRegions = (
				en,
				Base,
			);
			mainGroup = D62F70211E429A55008C4404;
			productRefGroup = D62F702B1E429A55008C4404 /* Products */;
			projectDirPath = "";
			projectRoot = "";
			targets = (
				D62F70291E429A55008C4404 /* youtubeApp */,
			);
		};
/* End PBXProject section */

/* Begin PBXResourcesBuildPhase section */
		D62F70281E429A55008C4404 /* Resources */ = {
			isa = PBXResourcesBuildPhase;
			buildActionMask = 2147483647;
			files = (
				D62F70381E429A55008C4404 /* LaunchScreen.storyboard in Resources */,
				D62F70351E429A55008C4404 /* Assets.xcassets in Resources */,
				D62F70331E429A55008C4404 /* Main.storyboard in Resources */,
			);
			runOnlyForDeploymentPostprocessing = 0;
		};
/* End PBXResourcesBuildPhase section */

/* Begin PBXSourcesBuildPhase section */
		D62F70261E429A55008C4404 /* Sources */ = {
			isa = PBXSourcesBuildPhase;
			buildActionMask = 2147483647;
			files = (
				D62F70301E429A55008C4404 /* ViewController.swift in Sources */,
				D62F702E1E429A55008C4404 /* AppDelegate.swift in Sources */,
			);
			runOnlyForDeploymentPostprocessing = 0;
		};
/* End PBXSourcesBuildPhase section */

/* Begin PBXVariantGroup section */
		D62F70311E429A55008C4404 /* Main.storyboard */ = {
			isa = PBXVariantGroup;
			children = (
				D62F70321E429A55008C4404 /* Base */,
			);
			name = Main.storyboard;
			sourceTree = "<group>";
		};
		D62F70361E429A55008C4404 /* LaunchScreen.storyboard */ = {
			isa = PBXVariantGroup;
			children = (
				D62F70371E429A55008C4404 /* Base */,
			);
			name = LaunchScreen.storyboard;
			sourceTree = "<group>";
		};
/* End PBXVariantGroup section */

/* Begin XCBuildConfiguration section */
		D62F703A1E429A55008C4404 /* Debug */ = {
			isa = XCBuildConfiguration;
			buildSettings = {
				ALWAYS_SEARCH_USER_PATHS = NO;
				CLANG_ANALYZER_NONNULL = YES;
				CLANG_CXX_LANGUAGE_STANDARD = "gnu++0x";
				CLANG_CXX_LIBRARY = "libc++";
				CLANG_ENABLE_MODULES = YES;
				CLANG_ENABLE_OBJC_ARC = YES;
				CLANG_WARN_BOOL_CONVERSION = YES;
				CLANG_WARN_CONSTANT_CONVERSION = YES;
				CLANG_WARN_DIRECT_OBJC_ISA_USAGE = YES_ERROR;
				CLANG_WARN_DOCUMENTATION_COMMENTS = YES;
				CLANG_WARN_EMPTY_BODY = YES;
				CLANG_WARN_ENUM_CONVERSION = YES;
				CLANG_WARN_INFINITE_RECURSION = YES;
				CLANG_WARN_INT_CONVERSION = YES;
				CLANG_WARN_OBJC_ROOT_CLASS = YES_ERROR;
				CLANG_WARN_SUSPICIOUS_MOVE = YES;
				CLANG_WARN_UNREACHABLE_CODE = YES;
				CLANG_WARN__DUPLICATE_METHOD_MATCH = YES;
				"CODE_SIGN_IDENTITY[sdk=iphoneos*]" = "iPhone Developer";
				COPY_PHASE_STRIP = NO;
				DEBUG_INFORMATION_FORMAT = dwarf;
				ENABLE_STRICT_OBJC_MSGSEND = YES;
				ENABLE_TESTABILITY = YES;
				GCC_C_LANGUAGE_STANDARD = gnu99;
				GCC_DYNAMIC_NO_PIC = NO;
				GCC_NO_COMMON_BLOCKS = YES;
				GCC_OPTIMIZATION_LEVEL = 0;
				GCC_PREPROCESSOR_DEFINITIONS = (
					"DEBUG=1",
					"$(inherited)",
				);
				GCC_WARN_64_TO_32_BIT_CONVERSION = YES;
				GCC_WARN_ABOUT_RETURN_TYPE = YES_ERROR;
				GCC_WARN_UNDECLARED_SELECTOR = YES;
				GCC_WARN_UNINITIALIZED_AUTOS = YES_AGGRESSIVE;
				GCC_WARN_UNUSED_FUNCTION = YES;
				GCC_WARN_UNUSED_VARIABLE = YES;
				IPHONEOS_DEPLOYMENT_TARGET = 10.2;
				MTL_ENABLE_DEBUG_INFO = YES;
				ONLY_ACTIVE_ARCH = YES;
				SDKROOT = iphoneos;
				SWIFT_ACTIVE_COMPILATION_CONDITIONS = DEBUG;
				SWIFT_OPTIMIZATION_LEVEL = "-Onone";
			};
			name = Debug;
		};
		D62F703B1E429A55008C4404 /* Release */ = {
			isa = XCBuildConfiguration;
			buildSettings = {
				ALWAYS_SEARCH_USER_PATHS = NO;
				CLANG_ANALYZER_NONNULL = YES;
				CLANG_CXX_LANGUAGE_STANDARD = "gnu++0x";
				CLANG_CXX_LIBRARY = "libc++";
				CLANG_ENABLE_MODULES = YES;
				CLANG_ENABLE_OBJC_ARC = YES;
				CLANG_WARN_BOOL_CONVERSION = YES;
				CLANG_WARN_CONSTANT_CONVERSION = YES;
				CLANG_WARN_DIRECT_OBJC_ISA_USAGE = YES_ERROR;
				CLANG_WARN_DOCUMENTATION_COMMENTS = YES;
				CLANG_WARN_EMPTY_BODY = YES;
				CLANG_WARN_ENUM_CONVERSION = YES;
				CLANG_WARN_INFINITE_RECURSION = YES;
				CLANG_WARN_INT_CONVERSION = YES;
				CLANG_WARN_OBJC_ROOT_CLASS = YES_ERROR;
				CLANG_WARN_SUSPICIOUS_MOVE = YES;
				CLANG_WARN_UNREACHABLE_CODE = YES;
				CLANG_WARN__DUPLICATE_METHOD_MATCH = YES;
				"CODE_SIGN_IDENTITY[sdk=iphoneos*]" = "iPhone Developer";
				COPY_PHASE_STRIP = NO;
				DEBUG_INFORMATION_FORMAT = "dwarf-with-dsym";
				ENABLE_NS_ASSERTIONS = NO;
				ENABLE_STRICT_OBJC_MSGSEND = YES;
				GCC_C_LANGUAGE_STANDARD = gnu99;
				GCC_NO_COMMON_BLOCKS = YES;
				GCC_WARN_64_TO_32_BIT_CONVERSION = YES;
				GCC_WARN_ABOUT_RETURN_TYPE = YES_ERROR;
				GCC_WARN_UNDECLARED_SELECTOR = YES;
				GCC_WARN_UNINITIALIZED_AUTOS = YES_AGGRESSIVE;
				GCC_WARN_UNUSED_FUNCTION = YES;
				GCC_WARN_UNUSED_VARIABLE = YES;
				IPHONEOS_DEPLOYMENT_TARGET = 10.2;
				MTL_ENABLE_DEBUG_INFO = NO;
				SDKROOT = iphoneos;
				SWIFT_OPTIMIZATION_LEVEL = "-Owholemodule";
				VALIDATE_PRODUCT = YES;
			};
			name = Release;
		};
		D62F703D1E429A55008C4404 /* Debug */ = {
			isa = XCBuildConfiguration;
			buildSettings = {
				ASSETCATALOG_COMPILER_APPICON_NAME = AppIcon;
				INFOPLIST_FILE = youtubeApp/Info.plist;
				LD_RUNPATH_SEARCH_PATHS = "$(inherited) @executable_path/Frameworks";
				PRODUCT_BUNDLE_IDENTIFIER = com.allberto.youtubeApp;
				PRODUCT_NAME = "$(TARGET_NAME)";
				SWIFT_VERSION = 3.0;
			};
			name = Debug;
		};
		D62F703E1E429A55008C4404 /* Release */ = {
			isa = XCBuildConfiguration;
			buildSettings = {
				ASSETCATALOG_COMPILER_APPICON_NAME = AppIcon;
				INFOPLIST_FILE = youtubeApp/Info.plist;
				LD_RUNPATH_SEARCH_PATHS = "$(inherited) @executable_path/Frameworks";
				PRODUCT_BUNDLE_IDENTIFIER = com.allberto.youtubeApp;
				PRODUCT_NAME = "$(TARGET_NAME)";
				SWIFT_VERSION = 3.0;
			};
			name = Release;
		};
/* End XCBuildConfiguration section */

/* Begin XCConfigurationList section */
		D62F70251E429A55008C4404 /* Build configuration list for PBXProject "youtubeApp" */ = {
			isa = XCConfigurationList;
			buildConfigurations = (
				D62F703A1E429A55008C4404 /* Debug */,
				D62F703B1E429A55008C4404 /* Release */,
			);
			defaultConfigurationIsVisible = 0;
			defaultConfigurationName = Release;
		};
		D62F703C1E429A55008C4404 /* Build configuration list for PBXNativeTarget "youtubeApp" */ = {
			isa = XCConfigurationList;
			buildConfigurations = (
				D62F703D1E429A55008C4404 /* Debug */,
				D62F703E1E429A55008C4404 /* Release */,
			);
			defaultConfigurationIsVisible = 0;
		};
/* End XCConfigurationList section */
	};
	rootObject = D62F70221E429A55008C4404 /* Project object */;
}
